<?xml version="1.0" encoding="utf-8"?>
<Project ToolsVersion="4.0" xmlns="http://schemas.microsoft.com/developer/msbuild/2003">
  <ItemGroup>
    <Filter Include="Source Files">
      <UniqueIdentifier>{4FC737F1-C7A5-4376-A066-2A32D752A2FF}</UniqueIdentifier>
      <Extensions>cpp;c;cc;cxx;def;odl;idl;hpj;bat;asm;asmx</Extensions>
    </Filter>
    <Filter Include="Creature">
      <UniqueIdentifier>{8bf97c08-3a62-4159-b9af-a44d83416692}</UniqueIdentifier>
    </Filter>
    <Filter Include="Skill">
      <UniqueIdentifier>{af3f7626-ba6d-44a4-99d4-65baa66c5e91}</UniqueIdentifier>
    </Filter>
    <Filter Include="Creature\Characters">
      <UniqueIdentifier>{8e62a48a-6e15-417c-aa5e-790fa020c6a5}</UniqueIdentifier>
    </Filter>
    <Filter Include="Creature\Characters\Villager">
      <UniqueIdentifier>{f5699eeb-565a-401f-9130-5980280d2ab6}</UniqueIdentifier>
    </Filter>
    <Filter Include="BattleField">
      <UniqueIdentifier>{769548db-a8b7-4484-9b94-86e007368e03}</UniqueIdentifier>
    </Filter>
    <Filter Include="Controller">
      <UniqueIdentifier>{0d61c20f-1834-4896-b62e-b5b1893b666c}</UniqueIdentifier>
    </Filter>
    <Filter Include="Receiver">
      <UniqueIdentifier>{d02fb755-db7c-447f-918a-8385bd6ed98d}</UniqueIdentifier>
    </Filter>
  </ItemGroup>
  <ItemGroup>
    <ClCompile Include="main.cpp">
      <Filter>Source Files</Filter>
    </ClCompile>
    <ClCompile Include="Creature\Creature.cpp">
      <Filter>Creature</Filter>
    </ClCompile>
    <ClCompile Include="Creature\Characters\Villager\Villager.cpp">
      <Filter>Creature\Characters\Villager</Filter>
    </ClCompile>
    <ClCompile Include="BattleField\BattleField.cpp">
      <Filter>BattleField</Filter>
    </ClCompile>
    <ClCompile Include="Controller\Controller.cpp">
      <Filter>Controller</Filter>
    </ClCompile>
    <ClCompile Include="Skill\Skill.cpp">
      <Filter>Skill</Filter>
    </ClCompile>
    <ClCompile Include="Receiver\Receiver.cpp">
      <Filter>Receiver</Filter>
    </ClCompile>
  </ItemGroup>
  <ItemGroup>
    <ClInclude Include="Creature\Creature.h">
      <Filter>Creature</Filter>
    </ClInclude>
    <ClInclude Include="Creature\Characters\Villager\Villager.h">
      <Filter>Creature\Characters\Villager</Filter>
    </ClInclude>
    <ClInclude Include="ITargetHelper.h" />
    <ClInclude Include="BattleField\BattleField.h">
      <Filter>BattleField</Filter>
    </ClInclude>
    <ClInclude Include="Controller\Controller.h">
      <Filter>Controller</Filter>
    </ClInclude>
    <ClInclude Include="Skill\Skill.h">
      <Filter>Skill</Filter>
    </ClInclude>
    <ClInclude Include="Receiver\Receiver.h">
      <Filter>Receiver</Filter>
    </ClInclude>
  </ItemGroup>
</Project>